
Microsoft Visual Studio Solution File, Format Version 12.00
Project("{FAE04EC0-301F-11D3-BF4B-00C04F79EFBC}") = "CardVentureTrainer", "CardVentureTrainer\CardVentureTrainer.csproj", "{852FFFB8-139E-40C6-9F25-5FEF9A2E5DD5}"
EndProject
Global
	GlobalSection(SolutionConfigurationPlatforms) = preSolution
		Debug|Any CPU = Debug|Any CPU
		Release|Any CPU = Release|Any CPU
	EndGlobalSection
	GlobalSection(ProjectConfigurationPlatforms) = postSolution
		{852FFFB8-139E-40C6-9F25-5FEF9A2E5DD5}.Debug|Any CPU.ActiveCfg = Debug|Any CPU
		{852FFFB8-139E-40C6-9F25-5FEF9A2E5DD5}.Debug|Any CPU.Build.0 = Debug|Any CPU
		{852FFFB8-139E-40C6-9F25-5FEF9A2E5DD5}.Release|Any CPU.ActiveCfg = Release|Any CPU
		{852FFFB8-139E-40C6-9F25-5FEF9A2E5DD5}.Release|Any CPU.Build.0 = Release|Any CPU
	EndGlobalSection
EndGlobal
